
Microsoft Visual Studio Solution File, Format Version 12.00
# Visual Studio Version 17
VisualStudioVersion = 17.11.35219.272
MinimumVisualStudioVersion = 10.0.40219.1
Project("{888888A0-9F3D-457C-B088-3A5042F75D52}") = "Vigade-otsing-1", "Vigade-otsing-1\Vigade-otsing-1.pyproj", "{B9E6E506-0F5F-4FE4-878A-4899BD67D5F3}"
EndProject
Global
	GlobalSection(SolutionConfigurationPlatforms) = preSolution
		Debug|Any CPU = Debug|Any CPU
		Release|Any CPU = Release|Any CPU
	EndGlobalSection
	GlobalSection(ProjectConfigurationPlatforms) = postSolution
		{B9E6E506-0F5F-4FE4-878A-4899BD67D5F3}.Debug|Any CPU.ActiveCfg = Debug|Any CPU
		{B9E6E506-0F5F-4FE4-878A-4899BD67D5F3}.Release|Any CPU.ActiveCfg = Release|Any CPU
	EndGlobalSection
	GlobalSection(SolutionProperties) = preSolution
		HideSolutionNode = FALSE
	EndGlobalSection
	GlobalSection(ExtensibilityGlobals) = postSolution
		SolutionGuid = {E220E6D5-6F39-4120-AFEB-63CF2658BA4E}
	EndGlobalSection
EndGlobal
